
Microsoft Visual Studio Solution File, Format Version 12.00
# Visual Studio Version 17
VisualStudioVersion = 17.3.32922.545
MinimumVisualStudioVersion = 10.0.40219.1
Project("{FAE04EC0-301F-11D3-BF4B-00C04F79EFBC}") = "absolute_squaring", "absolute_squaring\absolute_squaring.csproj", "{04DB88C2-E5E2-439F-BC2C-E61C00C80B5F}"
EndProject
Global
	GlobalSection(SolutionConfigurationPlatforms) = preSolution
		Debug|Any CPU = Debug|Any CPU
		Release|Any CPU = Release|Any CPU
	EndGlobalSection
	GlobalSection(ProjectConfigurationPlatforms) = postSolution
		{04DB88C2-E5E2-439F-BC2C-E61C00C80B5F}.Debug|Any CPU.ActiveCfg = Debug|Any CPU
		{04DB88C2-E5E2-439F-BC2C-E61C00C80B5F}.Debug|Any CPU.Build.0 = Debug|Any CPU
		{04DB88C2-E5E2-439F-BC2C-E61C00C80B5F}.Release|Any CPU.ActiveCfg = Release|Any CPU
		{04DB88C2-E5E2-439F-BC2C-E61C00C80B5F}.Release|Any CPU.Build.0 = Release|Any CPU
	EndGlobalSection
	GlobalSection(SolutionProperties) = preSolution
		HideSolutionNode = FALSE
	EndGlobalSection
	GlobalSection(ExtensibilityGlobals) = postSolution
		SolutionGuid = {0D9F2D79-C1D4-456B-A227-4B71E589BF28}
	EndGlobalSection
EndGlobal
