
Microsoft Visual Studio Solution File, Format Version 12.00
# Visual Studio Version 17
VisualStudioVersion = 17.3.32922.545
MinimumVisualStudioVersion = 10.0.40219.1
Project("{FAE04EC0-301F-11D3-BF4B-00C04F79EFBC}") = "Sum_of_Integer_Binaries", "Sum_of_Integer_Binaries\Sum_of_Integer_Binaries.csproj", "{E6083235-97FF-4720-84A4-C241554FA1AB}"
EndProject
Global
	GlobalSection(SolutionConfigurationPlatforms) = preSolution
		Debug|Any CPU = Debug|Any CPU
		Release|Any CPU = Release|Any CPU
	EndGlobalSection
	GlobalSection(ProjectConfigurationPlatforms) = postSolution
		{E6083235-97FF-4720-84A4-C241554FA1AB}.Debug|Any CPU.ActiveCfg = Debug|Any CPU
		{E6083235-97FF-4720-84A4-C241554FA1AB}.Debug|Any CPU.Build.0 = Debug|Any CPU
		{E6083235-97FF-4720-84A4-C241554FA1AB}.Release|Any CPU.ActiveCfg = Release|Any CPU
		{E6083235-97FF-4720-84A4-C241554FA1AB}.Release|Any CPU.Build.0 = Release|Any CPU
	EndGlobalSection
	GlobalSection(SolutionProperties) = preSolution
		HideSolutionNode = FALSE
	EndGlobalSection
	GlobalSection(ExtensibilityGlobals) = postSolution
		SolutionGuid = {4277C78B-5FC3-447A-883C-4065FCC732B6}
	EndGlobalSection
EndGlobal
