
Microsoft Visual Studio Solution File, Format Version 12.00
# Visual Studio Version 17
VisualStudioVersion = 17.3.32922.545
MinimumVisualStudioVersion = 10.0.40219.1
Project("{FAE04EC0-301F-11D3-BF4B-00C04F79EFBC}") = "reverse_print", "reverse_print\reverse_print.csproj", "{128946EE-5970-411C-92E3-378C8A614759}"
EndProject
Global
	GlobalSection(SolutionConfigurationPlatforms) = preSolution
		Debug|Any CPU = Debug|Any CPU
		Release|Any CPU = Release|Any CPU
	EndGlobalSection
	GlobalSection(ProjectConfigurationPlatforms) = postSolution
		{128946EE-5970-411C-92E3-378C8A614759}.Debug|Any CPU.ActiveCfg = Debug|Any CPU
		{128946EE-5970-411C-92E3-378C8A614759}.Debug|Any CPU.Build.0 = Debug|Any CPU
		{128946EE-5970-411C-92E3-378C8A614759}.Release|Any CPU.ActiveCfg = Release|Any CPU
		{128946EE-5970-411C-92E3-378C8A614759}.Release|Any CPU.Build.0 = Release|Any CPU
	EndGlobalSection
	GlobalSection(SolutionProperties) = preSolution
		HideSolutionNode = FALSE
	EndGlobalSection
	GlobalSection(ExtensibilityGlobals) = postSolution
		SolutionGuid = {94720C1F-479B-41E1-A5A3-E76667774300}
	EndGlobalSection
EndGlobal
